
Microsoft Visual Studio Solution File, Format Version 12.00
# Visual Studio 15
VisualStudioVersion = 15.0.26228.4
MinimumVisualStudioVersion = 10.0.40219.1
Project("{FAE04EC0-301F-11D3-BF4B-00C04F79EFBC}") = "Dixin", "Dixin\Dixin.csproj", "{348FDE06-D850-4118-8796-E2AEE8DF6376}"
EndProject
Project("{F2A71F9B-5D33-465A-A702-920D77279786}") = "Dixin.FSharp", "Dixin.FSharp\Dixin.FSharp.fsproj", "{3D4E7BDA-A086-49B9-B291-DBEA3BBAD991}"
EndProject
Project("{FAE04EC0-301F-11D3-BF4B-00C04F79EFBC}") = "Dixin.Tests", "Dixin.Tests\Dixin.Tests.csproj", "{29C7FDF4-4DE5-4033-9127-E489676274C5}"
EndProject
Project("{FAE04EC0-301F-11D3-BF4B-00C04F79EFBC}") = "Dixin.Text.GB2312ToUnicode", "Dixin.Text.GB2312ToUnicode\Dixin.Text.GB2312ToUnicode.csproj", "{DC703A22-7FEB-4B3C-99EC-01EA4C4420F4}"
EndProject
Project("{FAE04EC0-301F-11D3-BF4B-00C04F79EFBC}") = "Dixin.Office.HtmlToWord", "Dixin.Office.HtmlToWord\Dixin.Office.HtmlToWord.csproj", "{AF52B5E6-48BB-4900-A111-479CEBD2E134}"
EndProject
Project("{2150E333-8FDC-42A3-9474-1A3956D46DE8}") = "Tools", "Tools", "{F59804F9-2162-4237-BD61-93C0A156A6FE}"
	ProjectSection(SolutionItems) = preProject
		Tools\CodeAnalysis.ruleset = Tools\CodeAnalysis.ruleset
		Tools\CodeAnalysisDictionary.xml = Tools\CodeAnalysisDictionary.xml
		Tools\CommonAssemblyInfo.cs = Tools\CommonAssemblyInfo.cs
		Tools\CommonAssemblyInfo.fs = Tools\CommonAssemblyInfo.fs
		Tools\Key.snk = Tools\Key.snk
		Tools\Microsoft.NodejsTools.targets = Tools\Microsoft.NodejsTools.targets
		Tools\Microsoft.NodejsTools.WebRole.dll = Tools\Microsoft.NodejsTools.WebRole.dll
		Tools\TargetFrameworkVersion.prop = Tools\TargetFrameworkVersion.prop
		Tools\VS2015.gitconfig = Tools\VS2015.gitconfig
	EndProjectSection
EndProject
Project("{2150E333-8FDC-42A3-9474-1A3956D46DE8}") = "Solution Items", "Solution Items", "{40BB63C5-B016-4623-A4E3-77AE54FE3147}"
	ProjectSection(SolutionItems) = preProject
		.gitignore = .gitignore
		appveyor.yml = appveyor.yml
		CodeSnippets.sln.DotSettings = CodeSnippets.sln.DotSettings
		LICENSE = LICENSE
		README.md = README.md
	EndProjectSection
EndProject
Project("{9092AA53-FB77-4645-B42D-1CCCA6BD08BD}") = "Dixin.Nodejs", "Dixin.Nodejs\Dixin.Nodejs.njsproj", "{E80F6BB0-FC44-401F-A83A-E2D2AAEC6F74}"
EndProject
Project("{FAE04EC0-301F-11D3-BF4B-00C04F79EFBC}") = "Dixin.Sql", "Dixin.Sql\Dixin.Sql.csproj", "{3B8554BA-8A06-460B-9FE6-CF8303476027}"
EndProject
Project("{2150E333-8FDC-42A3-9474-1A3956D46DE8}") = "Data", "Data", "{4569910E-06BB-405F-B3FB-6742FB822234}"
	ProjectSection(SolutionItems) = preProject
		Data\AdventureWorks_Data.mdf = Data\AdventureWorks_Data.mdf
		Data\AdventureWorks_Log.ldf = Data\AdventureWorks_Log.ldf
	EndProjectSection
EndProject
Project("{FAE04EC0-301F-11D3-BF4B-00C04F79EFBC}") = "Dixin.Console", "Dixin.Console\Dixin.Console.csproj", "{E331D518-EAC8-4A5E-9273-E420CC01C9E3}"
EndProject
Project("{9A19103F-16F7-4668-BE54-9A1E7A4F7556}") = "Dixin.Core", "Dixin.Core\Dixin.Core.csproj", "{32CBB487-371A-4AEE-81EE-C0800C866AF7}"
EndProject
Project("{9A19103F-16F7-4668-BE54-9A1E7A4F7556}") = "Dixin.Tests.Core", "Dixin.Tests.Core\Dixin.Tests.Core.csproj", "{B7441C55-E2E7-4CFF-AEC1-779D218A12BD}"
EndProject
Project("{9A19103F-16F7-4668-BE54-9A1E7A4F7556}") = "Dixin.Console.Core", "Dixin.Console.Core\Dixin.Console.Core.csproj", "{0DBE7AD2-6B7A-4CB7-8249-90F1CAEFC63E}"
EndProject
Project("{9A19103F-16F7-4668-BE54-9A1E7A4F7556}") = "Tutorial.Core", "Tutorial.Core\Tutorial.Core.csproj", "{87C11223-9329-4C8B-9634-15F250725C0C}"
EndProject
Project("{FAE04EC0-301F-11D3-BF4B-00C04F79EFBC}") = "Tutorial.Net", "Tutorial.Net\Tutorial.Net.csproj", "{EF2D6DEA-AA43-47FD-B00A-EAE7544BF88D}"
EndProject
Project("{D954291E-2A0B-460D-934E-DC6B0785DB48}") = "Tutorial.Shared", "Tutorial.Shared\Tutorial.Shared.shproj", "{CAC237A8-C000-4521-A31D-D9A7C68639A4}"
EndProject
Project("{D954291E-2A0B-460D-934E-DC6B0785DB48}") = "Tutorial.Tests.Shared", "Tutorial.Tests.Shared\Tutorial.Tests.Shared.shproj", "{70F0418D-8422-4BF5-B539-E9A2D3B2E190}"
EndProject
Project("{FAE04EC0-301F-11D3-BF4B-00C04F79EFBC}") = "Tutorial.Tests.Net", "Tutorial.Tests.Net\Tutorial.Tests.Net.csproj", "{3CAF498E-E98C-4986-AD9D-C3D6D1047508}"
EndProject
Project("{9A19103F-16F7-4668-BE54-9A1E7A4F7556}") = "Tutorial.Tests.Core", "Tutorial.Tests.Core\Tutorial.Tests.Core.csproj", "{B8E117D2-6ACE-46F7-9754-A10B043B2F7A}"
EndProject
Global
	GlobalSection(SharedMSBuildProjectFiles) = preSolution
		Tutorial.Tests.Shared\Tutorial.Tests.Shared.projitems*{3caf498e-e98c-4986-ad9d-c3d6d1047508}*SharedItemsImports = 4
		Tutorial.Tests.Shared\Tutorial.Tests.Shared.projitems*{70f0418d-8422-4bf5-b539-e9a2d3b2e190}*SharedItemsImports = 13
		Tutorial.Shared\Tutorial.Shared.projitems*{cac237a8-c000-4521-a31d-d9a7c68639a4}*SharedItemsImports = 13
		Tutorial.Shared\Tutorial.Shared.projitems*{ef2d6dea-aa43-47fd-b00a-eae7544bf88d}*SharedItemsImports = 4
	EndGlobalSection
	GlobalSection(SolutionConfigurationPlatforms) = preSolution
		Debug|Any CPU = Debug|Any CPU
		Debug|x64 = Debug|x64
		Debug|x86 = Debug|x86
		Release|Any CPU = Release|Any CPU
		Release|x64 = Release|x64
		Release|x86 = Release|x86
	EndGlobalSection
	GlobalSection(ProjectConfigurationPlatforms) = postSolution
		{348FDE06-D850-4118-8796-E2AEE8DF6376}.Debug|Any CPU.ActiveCfg = Debug|Any CPU
		{348FDE06-D850-4118-8796-E2AEE8DF6376}.Debug|Any CPU.Build.0 = Debug|Any CPU
		{348FDE06-D850-4118-8796-E2AEE8DF6376}.Debug|x64.ActiveCfg = Debug|Any CPU
		{348FDE06-D850-4118-8796-E2AEE8DF6376}.Debug|x64.Build.0 = Debug|Any CPU
		{348FDE06-D850-4118-8796-E2AEE8DF6376}.Debug|x86.ActiveCfg = Debug|Any CPU
		{348FDE06-D850-4118-8796-E2AEE8DF6376}.Debug|x86.Build.0 = Debug|Any CPU
		{348FDE06-D850-4118-8796-E2AEE8DF6376}.Release|Any CPU.ActiveCfg = Release|Any CPU
		{348FDE06-D850-4118-8796-E2AEE8DF6376}.Release|Any CPU.Build.0 = Release|Any CPU
		{348FDE06-D850-4118-8796-E2AEE8DF6376}.Release|x64.ActiveCfg = Release|Any CPU
		{348FDE06-D850-4118-8796-E2AEE8DF6376}.Release|x64.Build.0 = Release|Any CPU
		{348FDE06-D850-4118-8796-E2AEE8DF6376}.Release|x86.ActiveCfg = Release|Any CPU
		{348FDE06-D850-4118-8796-E2AEE8DF6376}.Release|x86.Build.0 = Release|Any CPU
		{3D4E7BDA-A086-49B9-B291-DBEA3BBAD991}.Debug|Any CPU.ActiveCfg = Debug|Any CPU
		{3D4E7BDA-A086-49B9-B291-DBEA3BBAD991}.Debug|Any CPU.Build.0 = Debug|Any CPU
		{3D4E7BDA-A086-49B9-B291-DBEA3BBAD991}.Debug|x64.ActiveCfg = Debug|Any CPU
		{3D4E7BDA-A086-49B9-B291-DBEA3BBAD991}.Debug|x64.Build.0 = Debug|Any CPU
		{3D4E7BDA-A086-49B9-B291-DBEA3BBAD991}.Debug|x86.ActiveCfg = Debug|Any CPU
		{3D4E7BDA-A086-49B9-B291-DBEA3BBAD991}.Debug|x86.Build.0 = Debug|Any CPU
		{3D4E7BDA-A086-49B9-B291-DBEA3BBAD991}.Release|Any CPU.ActiveCfg = Release|Any CPU
		{3D4E7BDA-A086-49B9-B291-DBEA3BBAD991}.Release|Any CPU.Build.0 = Release|Any CPU
		{3D4E7BDA-A086-49B9-B291-DBEA3BBAD991}.Release|x64.ActiveCfg = Release|Any CPU
		{3D4E7BDA-A086-49B9-B291-DBEA3BBAD991}.Release|x64.Build.0 = Release|Any CPU
		{3D4E7BDA-A086-49B9-B291-DBEA3BBAD991}.Release|x86.ActiveCfg = Release|Any CPU
		{3D4E7BDA-A086-49B9-B291-DBEA3BBAD991}.Release|x86.Build.0 = Release|Any CPU
		{29C7FDF4-4DE5-4033-9127-E489676274C5}.Debug|Any CPU.ActiveCfg = Debug|Any CPU
		{29C7FDF4-4DE5-4033-9127-E489676274C5}.Debug|Any CPU.Build.0 = Debug|Any CPU
		{29C7FDF4-4DE5-4033-9127-E489676274C5}.Debug|x64.ActiveCfg = Debug|Any CPU
		{29C7FDF4-4DE5-4033-9127-E489676274C5}.Debug|x64.Build.0 = Debug|Any CPU
		{29C7FDF4-4DE5-4033-9127-E489676274C5}.Debug|x86.ActiveCfg = Debug|Any CPU
		{29C7FDF4-4DE5-4033-9127-E489676274C5}.Debug|x86.Build.0 = Debug|Any CPU
		{29C7FDF4-4DE5-4033-9127-E489676274C5}.Release|Any CPU.ActiveCfg = Release|Any CPU
		{29C7FDF4-4DE5-4033-9127-E489676274C5}.Release|Any CPU.Build.0 = Release|Any CPU
		{29C7FDF4-4DE5-4033-9127-E489676274C5}.Release|x64.ActiveCfg = Release|Any CPU
		{29C7FDF4-4DE5-4033-9127-E489676274C5}.Release|x64.Build.0 = Release|Any CPU
		{29C7FDF4-4DE5-4033-9127-E489676274C5}.Release|x86.ActiveCfg = Release|Any CPU
		{29C7FDF4-4DE5-4033-9127-E489676274C5}.Release|x86.Build.0 = Release|Any CPU
		{DC703A22-7FEB-4B3C-99EC-01EA4C4420F4}.Debug|Any CPU.ActiveCfg = Debug|Any CPU
		{DC703A22-7FEB-4B3C-99EC-01EA4C4420F4}.Debug|Any CPU.Build.0 = Debug|Any CPU
		{DC703A22-7FEB-4B3C-99EC-01EA4C4420F4}.Debug|x64.ActiveCfg = Debug|Any CPU
		{DC703A22-7FEB-4B3C-99EC-01EA4C4420F4}.Debug|x64.Build.0 = Debug|Any CPU
		{DC703A22-7FEB-4B3C-99EC-01EA4C4420F4}.Debug|x86.ActiveCfg = Debug|Any CPU
		{DC703A22-7FEB-4B3C-99EC-01EA4C4420F4}.Debug|x86.Build.0 = Debug|Any CPU
		{DC703A22-7FEB-4B3C-99EC-01EA4C4420F4}.Release|Any CPU.ActiveCfg = Release|Any CPU
		{DC703A22-7FEB-4B3C-99EC-01EA4C4420F4}.Release|Any CPU.Build.0 = Release|Any CPU
		{DC703A22-7FEB-4B3C-99EC-01EA4C4420F4}.Release|x64.ActiveCfg = Release|Any CPU
		{DC703A22-7FEB-4B3C-99EC-01EA4C4420F4}.Release|x64.Build.0 = Release|Any CPU
		{DC703A22-7FEB-4B3C-99EC-01EA4C4420F4}.Release|x86.ActiveCfg = Release|Any CPU
		{DC703A22-7FEB-4B3C-99EC-01EA4C4420F4}.Release|x86.Build.0 = Release|Any CPU
		{AF52B5E6-48BB-4900-A111-479CEBD2E134}.Debug|Any CPU.ActiveCfg = Debug|Any CPU
		{AF52B5E6-48BB-4900-A111-479CEBD2E134}.Debug|Any CPU.Build.0 = Debug|Any CPU
		{AF52B5E6-48BB-4900-A111-479CEBD2E134}.Debug|x64.ActiveCfg = Debug|Any CPU
		{AF52B5E6-48BB-4900-A111-479CEBD2E134}.Debug|x64.Build.0 = Debug|Any CPU
		{AF52B5E6-48BB-4900-A111-479CEBD2E134}.Debug|x86.ActiveCfg = Debug|Any CPU
		{AF52B5E6-48BB-4900-A111-479CEBD2E134}.Debug|x86.Build.0 = Debug|Any CPU
		{AF52B5E6-48BB-4900-A111-479CEBD2E134}.Release|Any CPU.ActiveCfg = Release|Any CPU
		{AF52B5E6-48BB-4900-A111-479CEBD2E134}.Release|Any CPU.Build.0 = Release|Any CPU
		{AF52B5E6-48BB-4900-A111-479CEBD2E134}.Release|x64.ActiveCfg = Release|Any CPU
		{AF52B5E6-48BB-4900-A111-479CEBD2E134}.Release|x64.Build.0 = Release|Any CPU
		{AF52B5E6-48BB-4900-A111-479CEBD2E134}.Release|x86.ActiveCfg = Release|Any CPU
		{AF52B5E6-48BB-4900-A111-479CEBD2E134}.Release|x86.Build.0 = Release|Any CPU
		{E80F6BB0-FC44-401F-A83A-E2D2AAEC6F74}.Debug|Any CPU.ActiveCfg = Debug|Any CPU
		{E80F6BB0-FC44-401F-A83A-E2D2AAEC6F74}.Debug|Any CPU.Build.0 = Debug|Any CPU
		{E80F6BB0-FC44-401F-A83A-E2D2AAEC6F74}.Debug|x64.ActiveCfg = Debug|Any CPU
		{E80F6BB0-FC44-401F-A83A-E2D2AAEC6F74}.Debug|x64.Build.0 = Debug|Any CPU
		{E80F6BB0-FC44-401F-A83A-E2D2AAEC6F74}.Debug|x86.ActiveCfg = Debug|Any CPU
		{E80F6BB0-FC44-401F-A83A-E2D2AAEC6F74}.Debug|x86.Build.0 = Debug|Any CPU
		{E80F6BB0-FC44-401F-A83A-E2D2AAEC6F74}.Release|Any CPU.ActiveCfg = Release|Any CPU
		{E80F6BB0-FC44-401F-A83A-E2D2AAEC6F74}.Release|Any CPU.Build.0 = Release|Any CPU
		{E80F6BB0-FC44-401F-A83A-E2D2AAEC6F74}.Release|x64.ActiveCfg = Release|Any CPU
		{E80F6BB0-FC44-401F-A83A-E2D2AAEC6F74}.Release|x64.Build.0 = Release|Any CPU
		{E80F6BB0-FC44-401F-A83A-E2D2AAEC6F74}.Release|x86.ActiveCfg = Release|Any CPU
		{E80F6BB0-FC44-401F-A83A-E2D2AAEC6F74}.Release|x86.Build.0 = Release|Any CPU
		{3B8554BA-8A06-460B-9FE6-CF8303476027}.Debug|Any CPU.ActiveCfg = Debug|Any CPU
		{3B8554BA-8A06-460B-9FE6-CF8303476027}.Debug|Any CPU.Build.0 = Debug|Any CPU
		{3B8554BA-8A06-460B-9FE6-CF8303476027}.Debug|x64.ActiveCfg = Debug|Any CPU
		{3B8554BA-8A06-460B-9FE6-CF8303476027}.Debug|x64.Build.0 = Debug|Any CPU
		{3B8554BA-8A06-460B-9FE6-CF8303476027}.Debug|x86.ActiveCfg = Debug|Any CPU
		{3B8554BA-8A06-460B-9FE6-CF8303476027}.Debug|x86.Build.0 = Debug|Any CPU
		{3B8554BA-8A06-460B-9FE6-CF8303476027}.Release|Any CPU.ActiveCfg = Release|Any CPU
		{3B8554BA-8A06-460B-9FE6-CF8303476027}.Release|Any CPU.Build.0 = Release|Any CPU
		{3B8554BA-8A06-460B-9FE6-CF8303476027}.Release|x64.ActiveCfg = Release|Any CPU
		{3B8554BA-8A06-460B-9FE6-CF8303476027}.Release|x64.Build.0 = Release|Any CPU
		{3B8554BA-8A06-460B-9FE6-CF8303476027}.Release|x86.ActiveCfg = Release|Any CPU
		{3B8554BA-8A06-460B-9FE6-CF8303476027}.Release|x86.Build.0 = Release|Any CPU
		{E331D518-EAC8-4A5E-9273-E420CC01C9E3}.Debug|Any CPU.ActiveCfg = Debug|Any CPU
		{E331D518-EAC8-4A5E-9273-E420CC01C9E3}.Debug|Any CPU.Build.0 = Debug|Any CPU
		{E331D518-EAC8-4A5E-9273-E420CC01C9E3}.Debug|x64.ActiveCfg = Debug|Any CPU
		{E331D518-EAC8-4A5E-9273-E420CC01C9E3}.Debug|x64.Build.0 = Debug|Any CPU
		{E331D518-EAC8-4A5E-9273-E420CC01C9E3}.Debug|x86.ActiveCfg = Debug|Any CPU
		{E331D518-EAC8-4A5E-9273-E420CC01C9E3}.Debug|x86.Build.0 = Debug|Any CPU
		{E331D518-EAC8-4A5E-9273-E420CC01C9E3}.Release|Any CPU.ActiveCfg = Release|Any CPU
		{E331D518-EAC8-4A5E-9273-E420CC01C9E3}.Release|Any CPU.Build.0 = Release|Any CPU
		{E331D518-EAC8-4A5E-9273-E420CC01C9E3}.Release|x64.ActiveCfg = Release|Any CPU
		{E331D518-EAC8-4A5E-9273-E420CC01C9E3}.Release|x64.Build.0 = Release|Any CPU
		{E331D518-EAC8-4A5E-9273-E420CC01C9E3}.Release|x86.ActiveCfg = Release|Any CPU
		{E331D518-EAC8-4A5E-9273-E420CC01C9E3}.Release|x86.Build.0 = Release|Any CPU
		{32CBB487-371A-4AEE-81EE-C0800C866AF7}.Debug|Any CPU.ActiveCfg = Debug|Any CPU
		{32CBB487-371A-4AEE-81EE-C0800C866AF7}.Debug|Any CPU.Build.0 = Debug|Any CPU
		{32CBB487-371A-4AEE-81EE-C0800C866AF7}.Debug|x64.ActiveCfg = Debug|Any CPU
		{32CBB487-371A-4AEE-81EE-C0800C866AF7}.Debug|x64.Build.0 = Debug|Any CPU
		{32CBB487-371A-4AEE-81EE-C0800C866AF7}.Debug|x86.ActiveCfg = Debug|Any CPU
		{32CBB487-371A-4AEE-81EE-C0800C866AF7}.Debug|x86.Build.0 = Debug|Any CPU
		{32CBB487-371A-4AEE-81EE-C0800C866AF7}.Release|Any CPU.ActiveCfg = Release|Any CPU
		{32CBB487-371A-4AEE-81EE-C0800C866AF7}.Release|Any CPU.Build.0 = Release|Any CPU
		{32CBB487-371A-4AEE-81EE-C0800C866AF7}.Release|x64.ActiveCfg = Release|Any CPU
		{32CBB487-371A-4AEE-81EE-C0800C866AF7}.Release|x64.Build.0 = Release|Any CPU
		{32CBB487-371A-4AEE-81EE-C0800C866AF7}.Release|x86.ActiveCfg = Release|Any CPU
		{32CBB487-371A-4AEE-81EE-C0800C866AF7}.Release|x86.Build.0 = Release|Any CPU
		{B7441C55-E2E7-4CFF-AEC1-779D218A12BD}.Debug|Any CPU.ActiveCfg = Debug|Any CPU
		{B7441C55-E2E7-4CFF-AEC1-779D218A12BD}.Debug|Any CPU.Build.0 = Debug|Any CPU
		{B7441C55-E2E7-4CFF-AEC1-779D218A12BD}.Debug|x64.ActiveCfg = Debug|Any CPU
		{B7441C55-E2E7-4CFF-AEC1-779D218A12BD}.Debug|x64.Build.0 = Debug|Any CPU
		{B7441C55-E2E7-4CFF-AEC1-779D218A12BD}.Debug|x86.ActiveCfg = Debug|Any CPU
		{B7441C55-E2E7-4CFF-AEC1-779D218A12BD}.Debug|x86.Build.0 = Debug|Any CPU
		{B7441C55-E2E7-4CFF-AEC1-779D218A12BD}.Release|Any CPU.ActiveCfg = Release|Any CPU
		{B7441C55-E2E7-4CFF-AEC1-779D218A12BD}.Release|Any CPU.Build.0 = Release|Any CPU
		{B7441C55-E2E7-4CFF-AEC1-779D218A12BD}.Release|x64.ActiveCfg = Release|Any CPU
		{B7441C55-E2E7-4CFF-AEC1-779D218A12BD}.Release|x64.Build.0 = Release|Any CPU
		{B7441C55-E2E7-4CFF-AEC1-779D218A12BD}.Release|x86.ActiveCfg = Release|Any CPU
		{B7441C55-E2E7-4CFF-AEC1-779D218A12BD}.Release|x86.Build.0 = Release|Any CPU
		{0DBE7AD2-6B7A-4CB7-8249-90F1CAEFC63E}.Debug|Any CPU.ActiveCfg = Debug|Any CPU
		{0DBE7AD2-6B7A-4CB7-8249-90F1CAEFC63E}.Debug|Any CPU.Build.0 = Debug|Any CPU
		{0DBE7AD2-6B7A-4CB7-8249-90F1CAEFC63E}.Debug|x64.ActiveCfg = Debug|Any CPU
		{0DBE7AD2-6B7A-4CB7-8249-90F1CAEFC63E}.Debug|x64.Build.0 = Debug|Any CPU
		{0DBE7AD2-6B7A-4CB7-8249-90F1CAEFC63E}.Debug|x86.ActiveCfg = Debug|Any CPU
		{0DBE7AD2-6B7A-4CB7-8249-90F1CAEFC63E}.Debug|x86.Build.0 = Debug|Any CPU
		{0DBE7AD2-6B7A-4CB7-8249-90F1CAEFC63E}.Release|Any CPU.ActiveCfg = Release|Any CPU
		{0DBE7AD2-6B7A-4CB7-8249-90F1CAEFC63E}.Release|Any CPU.Build.0 = Release|Any CPU
		{0DBE7AD2-6B7A-4CB7-8249-90F1CAEFC63E}.Release|x64.ActiveCfg = Release|Any CPU
		{0DBE7AD2-6B7A-4CB7-8249-90F1CAEFC63E}.Release|x64.Build.0 = Release|Any CPU
		{0DBE7AD2-6B7A-4CB7-8249-90F1CAEFC63E}.Release|x86.ActiveCfg = Release|Any CPU
		{0DBE7AD2-6B7A-4CB7-8249-90F1CAEFC63E}.Release|x86.Build.0 = Release|Any CPU
		{87C11223-9329-4C8B-9634-15F250725C0C}.Debug|Any CPU.ActiveCfg = Debug|Any CPU
		{87C11223-9329-4C8B-9634-15F250725C0C}.Debug|Any CPU.Build.0 = Debug|Any CPU
		{87C11223-9329-4C8B-9634-15F250725C0C}.Debug|x64.ActiveCfg = Debug|Any CPU
		{87C11223-9329-4C8B-9634-15F250725C0C}.Debug|x64.Build.0 = Debug|Any CPU
		{87C11223-9329-4C8B-9634-15F250725C0C}.Debug|x86.ActiveCfg = Debug|Any CPU
		{87C11223-9329-4C8B-9634-15F250725C0C}.Debug|x86.Build.0 = Debug|Any CPU
		{87C11223-9329-4C8B-9634-15F250725C0C}.Release|Any CPU.ActiveCfg = Release|Any CPU
		{87C11223-9329-4C8B-9634-15F250725C0C}.Release|Any CPU.Build.0 = Release|Any CPU
		{87C11223-9329-4C8B-9634-15F250725C0C}.Release|x64.ActiveCfg = Release|Any CPU
		{87C11223-9329-4C8B-9634-15F250725C0C}.Release|x64.Build.0 = Release|Any CPU
		{87C11223-9329-4C8B-9634-15F250725C0C}.Release|x86.ActiveCfg = Release|Any CPU
		{87C11223-9329-4C8B-9634-15F250725C0C}.Release|x86.Build.0 = Release|Any CPU
		{EF2D6DEA-AA43-47FD-B00A-EAE7544BF88D}.Debug|Any CPU.ActiveCfg = Debug|Any CPU
		{EF2D6DEA-AA43-47FD-B00A-EAE7544BF88D}.Debug|Any CPU.Build.0 = Debug|Any CPU
		{EF2D6DEA-AA43-47FD-B00A-EAE7544BF88D}.Debug|x64.ActiveCfg = Debug|Any CPU
		{EF2D6DEA-AA43-47FD-B00A-EAE7544BF88D}.Debug|x64.Build.0 = Debug|Any CPU
		{EF2D6DEA-AA43-47FD-B00A-EAE7544BF88D}.Debug|x86.ActiveCfg = Debug|Any CPU
		{EF2D6DEA-AA43-47FD-B00A-EAE7544BF88D}.Debug|x86.Build.0 = Debug|Any CPU
		{EF2D6DEA-AA43-47FD-B00A-EAE7544BF88D}.Release|Any CPU.ActiveCfg = Release|Any CPU
		{EF2D6DEA-AA43-47FD-B00A-EAE7544BF88D}.Release|Any CPU.Build.0 = Release|Any CPU
		{EF2D6DEA-AA43-47FD-B00A-EAE7544BF88D}.Release|x64.ActiveCfg = Release|Any CPU
		{EF2D6DEA-AA43-47FD-B00A-EAE7544BF88D}.Release|x64.Build.0 = Release|Any CPU
		{EF2D6DEA-AA43-47FD-B00A-EAE7544BF88D}.Release|x86.ActiveCfg = Release|Any CPU
		{EF2D6DEA-AA43-47FD-B00A-EAE7544BF88D}.Release|x86.Build.0 = Release|Any CPU
		{3CAF498E-E98C-4986-AD9D-C3D6D1047508}.Debug|Any CPU.ActiveCfg = Debug|Any CPU
		{3CAF498E-E98C-4986-AD9D-C3D6D1047508}.Debug|Any CPU.Build.0 = Debug|Any CPU
		{3CAF498E-E98C-4986-AD9D-C3D6D1047508}.Debug|x64.ActiveCfg = Debug|Any CPU
		{3CAF498E-E98C-4986-AD9D-C3D6D1047508}.Debug|x64.Build.0 = Debug|Any CPU
		{3CAF498E-E98C-4986-AD9D-C3D6D1047508}.Debug|x86.ActiveCfg = Debug|Any CPU
		{3CAF498E-E98C-4986-AD9D-C3D6D1047508}.Debug|x86.Build.0 = Debug|Any CPU
		{3CAF498E-E98C-4986-AD9D-C3D6D1047508}.Release|Any CPU.ActiveCfg = Release|Any CPU
		{3CAF498E-E98C-4986-AD9D-C3D6D1047508}.Release|Any CPU.Build.0 = Release|Any CPU
		{3CAF498E-E98C-4986-AD9D-C3D6D1047508}.Release|x64.ActiveCfg = Release|Any CPU
		{3CAF498E-E98C-4986-AD9D-C3D6D1047508}.Release|x64.Build.0 = Release|Any CPU
		{3CAF498E-E98C-4986-AD9D-C3D6D1047508}.Release|x86.ActiveCfg = Release|Any CPU
		{3CAF498E-E98C-4986-AD9D-C3D6D1047508}.Release|x86.Build.0 = Release|Any CPU
		{B8E117D2-6ACE-46F7-9754-A10B043B2F7A}.Debug|Any CPU.ActiveCfg = Debug|Any CPU
		{B8E117D2-6ACE-46F7-9754-A10B043B2F7A}.Debug|Any CPU.Build.0 = Debug|Any CPU
		{B8E117D2-6ACE-46F7-9754-A10B043B2F7A}.Debug|x64.ActiveCfg = Debug|Any CPU
		{B8E117D2-6ACE-46F7-9754-A10B043B2F7A}.Debug|x64.Build.0 = Debug|Any CPU
		{B8E117D2-6ACE-46F7-9754-A10B043B2F7A}.Debug|x86.ActiveCfg = Debug|Any CPU
		{B8E117D2-6ACE-46F7-9754-A10B043B2F7A}.Debug|x86.Build.0 = Debug|Any CPU
		{B8E117D2-6ACE-46F7-9754-A10B043B2F7A}.Release|Any CPU.ActiveCfg = Release|Any CPU
		{B8E117D2-6ACE-46F7-9754-A10B043B2F7A}.Release|Any CPU.Build.0 = Release|Any CPU
		{B8E117D2-6ACE-46F7-9754-A10B043B2F7A}.Release|x64.ActiveCfg = Release|Any CPU
		{B8E117D2-6ACE-46F7-9754-A10B043B2F7A}.Release|x64.Build.0 = Release|Any CPU
		{B8E117D2-6ACE-46F7-9754-A10B043B2F7A}.Release|x86.ActiveCfg = Release|Any CPU
		{B8E117D2-6ACE-46F7-9754-A10B043B2F7A}.Release|x86.Build.0 = Release|Any CPU
	EndGlobalSection
	GlobalSection(SolutionProperties) = preSolution
		HideSolutionNode = FALSE
	EndGlobalSection
	GlobalSection(ExtensibilityGlobals) = postSolution
		EnterpriseLibraryConfigurationToolBinariesPathV6 = packages\EnterpriseLibrary.TransientFaultHandling.6.0.1304.0\lib\portable-net45+win+wp8
	EndGlobalSection
EndGlobal
