
Microsoft Visual Studio Solution File, Format Version 12.00
# Visual Studio 14
VisualStudioVersion = 14.0.24720.0
MinimumVisualStudioVersion = 10.0.40219.1
Project("{FAE04EC0-301F-11D3-BF4B-00C04F79EFBC}") = "EntityFramework.Functions", "EntityFramework.Functions\EntityFramework.Functions.csproj", "{20128F9B-B68D-4E51-A0E9-67EB1E7B9402}"
EndProject
Project("{FAE04EC0-301F-11D3-BF4B-00C04F79EFBC}") = "EntityFramework.Functions.Net45", "EntityFramework.Functions.Net45\EntityFramework.Functions.Net45.csproj", "{2FC7EE32-A93E-4B55-AE79-4F49C9EE5E70}"
EndProject
Project("{FAE04EC0-301F-11D3-BF4B-00C04F79EFBC}") = "EntityFramework.Functions.Net46", "EntityFramework.Functions.Net46\EntityFramework.Functions.Net46.csproj", "{1F4A3422-908A-4EA0-98D8-B3AD8F402FAF}"
EndProject
Project("{FF286327-C783-4F7A-AB73-9BCBAD0D4460}") = "EntityFramework.Functions.Nuget", "EntityFramework.Functions.Nuget\EntityFramework.Functions.Nuget.nuproj", "{4C1EA2B7-77E9-4703-904F-643D11C17AFE}"
EndProject
Project("{FAE04EC0-301F-11D3-BF4B-00C04F79EFBC}") = "EntityFramework.Functions.Tests", "EntityFramework.Functions.Tests\EntityFramework.Functions.Tests.csproj", "{A8813069-8F37-4D70-886B-DEA7D846CBDF}"
EndProject
Project("{2150E333-8FDC-42A3-9474-1A3956D46DE8}") = "Data", "Data", "{0ECE2C37-FA70-4424-90DB-637C2F2BE130}"
	ProjectSection(SolutionItems) = preProject
		Data\AdventureWorks_Data.mdf = Data\AdventureWorks_Data.mdf
		Data\AdventureWorks_Log.ldf = Data\AdventureWorks_Log.ldf
	EndProjectSection
EndProject
Project("{2150E333-8FDC-42A3-9474-1A3956D46DE8}") = "Tools", "Tools", "{2DF3286B-B7B1-4625-8D38-880166D22705}"
	ProjectSection(SolutionItems) = preProject
		Tools\CodeAnalysisDictionary.xml = Tools\CodeAnalysisDictionary.xml
		Tools\TargetFrameworkVersion.prop = Tools\TargetFrameworkVersion.prop
	EndProjectSection
EndProject
Project("{2150E333-8FDC-42A3-9474-1A3956D46DE8}") = "Solution Items", "Solution Items", "{237E1A20-1E42-455A-AED7-F8E6945A2EF7}"
	ProjectSection(SolutionItems) = preProject
		.gitignore = .gitignore
		CodeSnippets.sln.DotSettings = CodeSnippets.sln.DotSettings
		LICENSE = LICENSE
		README.md = README.md
	EndProjectSection
EndProject
Global
	GlobalSection(SolutionConfigurationPlatforms) = preSolution
		Debug|Any CPU = Debug|Any CPU
		Release|Any CPU = Release|Any CPU
	EndGlobalSection
	GlobalSection(ProjectConfigurationPlatforms) = postSolution
		{20128F9B-B68D-4E51-A0E9-67EB1E7B9402}.Debug|Any CPU.ActiveCfg = Debug|Any CPU
		{20128F9B-B68D-4E51-A0E9-67EB1E7B9402}.Debug|Any CPU.Build.0 = Debug|Any CPU
		{20128F9B-B68D-4E51-A0E9-67EB1E7B9402}.Release|Any CPU.ActiveCfg = Release|Any CPU
		{20128F9B-B68D-4E51-A0E9-67EB1E7B9402}.Release|Any CPU.Build.0 = Release|Any CPU
		{2FC7EE32-A93E-4B55-AE79-4F49C9EE5E70}.Debug|Any CPU.ActiveCfg = Debug|Any CPU
		{2FC7EE32-A93E-4B55-AE79-4F49C9EE5E70}.Debug|Any CPU.Build.0 = Debug|Any CPU
		{2FC7EE32-A93E-4B55-AE79-4F49C9EE5E70}.Release|Any CPU.ActiveCfg = Release|Any CPU
		{2FC7EE32-A93E-4B55-AE79-4F49C9EE5E70}.Release|Any CPU.Build.0 = Release|Any CPU
		{1F4A3422-908A-4EA0-98D8-B3AD8F402FAF}.Debug|Any CPU.ActiveCfg = Debug|Any CPU
		{1F4A3422-908A-4EA0-98D8-B3AD8F402FAF}.Debug|Any CPU.Build.0 = Debug|Any CPU
		{1F4A3422-908A-4EA0-98D8-B3AD8F402FAF}.Release|Any CPU.ActiveCfg = Release|Any CPU
		{1F4A3422-908A-4EA0-98D8-B3AD8F402FAF}.Release|Any CPU.Build.0 = Release|Any CPU
		{4C1EA2B7-77E9-4703-904F-643D11C17AFE}.Debug|Any CPU.ActiveCfg = Debug|Any CPU
		{4C1EA2B7-77E9-4703-904F-643D11C17AFE}.Debug|Any CPU.Build.0 = Debug|Any CPU
		{4C1EA2B7-77E9-4703-904F-643D11C17AFE}.Release|Any CPU.ActiveCfg = Release|Any CPU
		{4C1EA2B7-77E9-4703-904F-643D11C17AFE}.Release|Any CPU.Build.0 = Release|Any CPU
		{A8813069-8F37-4D70-886B-DEA7D846CBDF}.Debug|Any CPU.ActiveCfg = Debug|Any CPU
		{A8813069-8F37-4D70-886B-DEA7D846CBDF}.Debug|Any CPU.Build.0 = Debug|Any CPU
		{A8813069-8F37-4D70-886B-DEA7D846CBDF}.Release|Any CPU.ActiveCfg = Release|Any CPU
		{A8813069-8F37-4D70-886B-DEA7D846CBDF}.Release|Any CPU.Build.0 = Release|Any CPU
	EndGlobalSection
	GlobalSection(SolutionProperties) = preSolution
		HideSolutionNode = FALSE
	EndGlobalSection
EndGlobal
