
Microsoft Visual Studio Solution File, Format Version 12.00
# Visual Studio Version 18
VisualStudioVersion = 18.2.11415.280 d18.0
MinimumVisualStudioVersion = 10.0.40219.1
Project("{9A19103F-16F7-4668-BE54-9A1E7A4F7556}") = "Examples", "Examples\Examples.csproj", "{348FDE06-D850-4118-8796-E2AEE8DF6376}"
EndProject
Project("{2150E333-8FDC-42A3-9474-1A3956D46DE8}") = "Tools", "Tools", "{F59804F9-2162-4237-BD61-93C0A156A6FE}"
	ProjectSection(SolutionItems) = preProject
		Tools\CodeAnalysis.ruleset = Tools\CodeAnalysis.ruleset
		Tools\CodeAnalysisDictionary.xml = Tools\CodeAnalysisDictionary.xml
		Tools\CommonAssemblyInfo.cs = Tools\CommonAssemblyInfo.cs
		Tools\GlobalUsings.cs = Tools\GlobalUsings.cs
		Tools\Key.snk = Tools\Key.snk
	EndProjectSection
EndProject
Project("{2150E333-8FDC-42A3-9474-1A3956D46DE8}") = "Solution Items", "Solution Items", "{40BB63C5-B016-4623-A4E3-77AE54FE3147}"
	ProjectSection(SolutionItems) = preProject
		..\..\.gitignore = ..\..\.gitignore
		..\..\appveyor.yml = ..\..\appveyor.yml
		Blog.sln.DotSettings = Blog.sln.DotSettings
		..\..\LICENSE = ..\..\LICENSE
		..\..\README.md = ..\..\README.md
	EndProjectSection
EndProject
Project("{2150E333-8FDC-42A3-9474-1A3956D46DE8}") = "Data", "Data", "{4569910E-06BB-405F-B3FB-6742FB822234}"
	ProjectSection(SolutionItems) = preProject
		Data\AdventureWorks_Data.mdf = Data\AdventureWorks_Data.mdf
		Data\AdventureWorks_Log.ldf = Data\AdventureWorks_Log.ldf
	EndProjectSection
EndProject
Project("{9A19103F-16F7-4668-BE54-9A1E7A4F7556}") = "Examples.Console", "Examples.Console\Examples.Console.csproj", "{E331D518-EAC8-4A5E-9273-E420CC01C9E3}"
EndProject
Project("{FAE04EC0-301F-11D3-BF4B-00C04F79EFBC}") = "Examples.Sql", "Examples.Sql\Examples.Sql.csproj", "{3B8554BA-8A06-460B-9FE6-CF8303476027}"
EndProject
Project("{FAE04EC0-301F-11D3-BF4B-00C04F79EFBC}") = "Examples.Net", "Examples.Net\Examples.Net.csproj", "{FC70FCB4-E0CB-4B16-918D-2E937795938B}"
EndProject
Project("{9A19103F-16F7-4668-BE54-9A1E7A4F7556}") = "Examples.Tests", "Examples.Tests\Examples.Tests.csproj", "{480FDA72-701E-42D8-A3B1-24230D5960F9}"
EndProject
Project("{FAE04EC0-301F-11D3-BF4B-00C04F79EFBC}") = "Examples.Net.Tests", "Examples.Net.Tests\Examples.Net.Tests.csproj", "{BCFA77AE-18EB-48CE-9B6A-B6883176A8B0}"
EndProject
Project("{9A19103F-16F7-4668-BE54-9A1E7A4F7556}") = "Examples.TextToUtf8", "Examples.TextToUtf8\Examples.TextToUtf8.csproj", "{9AAF51EF-B38B-4883-81ED-A0946789DB83}"
EndProject
Project("{9A19103F-16F7-4668-BE54-9A1E7A4F7556}") = "Examples.Windows", "Examples.Windows\Examples.Windows.csproj", "{41019023-4C5E-4C49-BEDD-0E2C4C594EA6}"
EndProject
Project("{9A19103F-16F7-4668-BE54-9A1E7A4F7556}") = "Examples.Windows.HtmlToWord", "Examples.Windows.HtmlToWord\Examples.Windows.HtmlToWord.csproj", "{AF52B5E6-48BB-4900-A111-479CEBD2E134}"
EndProject
Project("{9A19103F-16F7-4668-BE54-9A1E7A4F7556}") = "MediaManager.Data", "MediaManager.Data\MediaManager.Data.csproj", "{BF0AA388-2DC1-431F-A89C-159DF60D917D}"
EndProject
Project("{9A19103F-16F7-4668-BE54-9A1E7A4F7556}") = "MediaManager", "MediaManager\MediaManager.csproj", "{0597AAFA-110F-4C42-AA2D-8081D5C5583F}"
EndProject
Project("{9A19103F-16F7-4668-BE54-9A1E7A4F7556}") = "MediaManager.Service", "MediaManager.Service\MediaManager.Service.csproj", "{477C61CE-FC83-4031-8FE0-183AC7CD40F3}"
EndProject
Project("{54A90642-561A-4BB1-A94E-469ADEE60C69}") = "Examples.Nodejs", "Examples.Nodejs\Examples.Nodejs.esproj", "{6F563D1B-43DF-4E78-9C16-BADB09B7B89D}"
EndProject
Project("{FAE04EC0-301F-11D3-BF4B-00C04F79EFBC}") = "MediaInfoLib", "MediaInfoLib\MediaInfoLib.csproj", "{EF8F3F6B-169F-4B6B-AF52-6B895F532B6B}"
EndProject
Project("{F2A71F9B-5D33-465A-A702-920D77279786}") = "Examples.FSharp", "Examples.FSharp\Examples.FSharp.fsproj", "{63DDD835-CC77-361E-C6BD-8B63BFF6DA8E}"
EndProject
Global
	GlobalSection(SolutionConfigurationPlatforms) = preSolution
		Debug|Any CPU = Debug|Any CPU
		Debug|x64 = Debug|x64
		Debug|x86 = Debug|x86
		Release|Any CPU = Release|Any CPU
		Release|x64 = Release|x64
		Release|x86 = Release|x86
	EndGlobalSection
	GlobalSection(ProjectConfigurationPlatforms) = postSolution
		{348FDE06-D850-4118-8796-E2AEE8DF6376}.Debug|Any CPU.ActiveCfg = Debug|Any CPU
		{348FDE06-D850-4118-8796-E2AEE8DF6376}.Debug|Any CPU.Build.0 = Debug|Any CPU
		{348FDE06-D850-4118-8796-E2AEE8DF6376}.Debug|x64.ActiveCfg = Debug|Any CPU
		{348FDE06-D850-4118-8796-E2AEE8DF6376}.Debug|x64.Build.0 = Debug|Any CPU
		{348FDE06-D850-4118-8796-E2AEE8DF6376}.Debug|x86.ActiveCfg = Debug|Any CPU
		{348FDE06-D850-4118-8796-E2AEE8DF6376}.Debug|x86.Build.0 = Debug|Any CPU
		{348FDE06-D850-4118-8796-E2AEE8DF6376}.Release|Any CPU.ActiveCfg = Release|Any CPU
		{348FDE06-D850-4118-8796-E2AEE8DF6376}.Release|Any CPU.Build.0 = Release|Any CPU
		{348FDE06-D850-4118-8796-E2AEE8DF6376}.Release|x64.ActiveCfg = Release|Any CPU
		{348FDE06-D850-4118-8796-E2AEE8DF6376}.Release|x64.Build.0 = Release|Any CPU
		{348FDE06-D850-4118-8796-E2AEE8DF6376}.Release|x86.ActiveCfg = Release|Any CPU
		{348FDE06-D850-4118-8796-E2AEE8DF6376}.Release|x86.Build.0 = Release|Any CPU
		{E331D518-EAC8-4A5E-9273-E420CC01C9E3}.Debug|Any CPU.ActiveCfg = Debug|Any CPU
		{E331D518-EAC8-4A5E-9273-E420CC01C9E3}.Debug|Any CPU.Build.0 = Debug|Any CPU
		{E331D518-EAC8-4A5E-9273-E420CC01C9E3}.Debug|x64.ActiveCfg = Debug|Any CPU
		{E331D518-EAC8-4A5E-9273-E420CC01C9E3}.Debug|x64.Build.0 = Debug|Any CPU
		{E331D518-EAC8-4A5E-9273-E420CC01C9E3}.Debug|x86.ActiveCfg = Debug|Any CPU
		{E331D518-EAC8-4A5E-9273-E420CC01C9E3}.Debug|x86.Build.0 = Debug|Any CPU
		{E331D518-EAC8-4A5E-9273-E420CC01C9E3}.Release|Any CPU.ActiveCfg = Release|Any CPU
		{E331D518-EAC8-4A5E-9273-E420CC01C9E3}.Release|Any CPU.Build.0 = Release|Any CPU
		{E331D518-EAC8-4A5E-9273-E420CC01C9E3}.Release|x64.ActiveCfg = Release|Any CPU
		{E331D518-EAC8-4A5E-9273-E420CC01C9E3}.Release|x64.Build.0 = Release|Any CPU
		{E331D518-EAC8-4A5E-9273-E420CC01C9E3}.Release|x86.ActiveCfg = Release|Any CPU
		{E331D518-EAC8-4A5E-9273-E420CC01C9E3}.Release|x86.Build.0 = Release|Any CPU
		{3B8554BA-8A06-460B-9FE6-CF8303476027}.Debug|Any CPU.ActiveCfg = Debug|Any CPU
		{3B8554BA-8A06-460B-9FE6-CF8303476027}.Debug|Any CPU.Build.0 = Debug|Any CPU
		{3B8554BA-8A06-460B-9FE6-CF8303476027}.Debug|x64.ActiveCfg = Debug|Any CPU
		{3B8554BA-8A06-460B-9FE6-CF8303476027}.Debug|x64.Build.0 = Debug|Any CPU
		{3B8554BA-8A06-460B-9FE6-CF8303476027}.Debug|x86.ActiveCfg = Debug|Any CPU
		{3B8554BA-8A06-460B-9FE6-CF8303476027}.Debug|x86.Build.0 = Debug|Any CPU
		{3B8554BA-8A06-460B-9FE6-CF8303476027}.Release|Any CPU.ActiveCfg = Release|Any CPU
		{3B8554BA-8A06-460B-9FE6-CF8303476027}.Release|Any CPU.Build.0 = Release|Any CPU
		{3B8554BA-8A06-460B-9FE6-CF8303476027}.Release|x64.ActiveCfg = Release|Any CPU
		{3B8554BA-8A06-460B-9FE6-CF8303476027}.Release|x64.Build.0 = Release|Any CPU
		{3B8554BA-8A06-460B-9FE6-CF8303476027}.Release|x86.ActiveCfg = Release|Any CPU
		{3B8554BA-8A06-460B-9FE6-CF8303476027}.Release|x86.Build.0 = Release|Any CPU
		{FC70FCB4-E0CB-4B16-918D-2E937795938B}.Debug|Any CPU.ActiveCfg = Debug|Any CPU
		{FC70FCB4-E0CB-4B16-918D-2E937795938B}.Debug|Any CPU.Build.0 = Debug|Any CPU
		{FC70FCB4-E0CB-4B16-918D-2E937795938B}.Debug|x64.ActiveCfg = Debug|Any CPU
		{FC70FCB4-E0CB-4B16-918D-2E937795938B}.Debug|x64.Build.0 = Debug|Any CPU
		{FC70FCB4-E0CB-4B16-918D-2E937795938B}.Debug|x86.ActiveCfg = Debug|Any CPU
		{FC70FCB4-E0CB-4B16-918D-2E937795938B}.Debug|x86.Build.0 = Debug|Any CPU
		{FC70FCB4-E0CB-4B16-918D-2E937795938B}.Release|Any CPU.ActiveCfg = Release|Any CPU
		{FC70FCB4-E0CB-4B16-918D-2E937795938B}.Release|Any CPU.Build.0 = Release|Any CPU
		{FC70FCB4-E0CB-4B16-918D-2E937795938B}.Release|x64.ActiveCfg = Release|Any CPU
		{FC70FCB4-E0CB-4B16-918D-2E937795938B}.Release|x64.Build.0 = Release|Any CPU
		{FC70FCB4-E0CB-4B16-918D-2E937795938B}.Release|x86.ActiveCfg = Release|Any CPU
		{FC70FCB4-E0CB-4B16-918D-2E937795938B}.Release|x86.Build.0 = Release|Any CPU
		{480FDA72-701E-42D8-A3B1-24230D5960F9}.Debug|Any CPU.ActiveCfg = Debug|Any CPU
		{480FDA72-701E-42D8-A3B1-24230D5960F9}.Debug|Any CPU.Build.0 = Debug|Any CPU
		{480FDA72-701E-42D8-A3B1-24230D5960F9}.Debug|x64.ActiveCfg = Debug|Any CPU
		{480FDA72-701E-42D8-A3B1-24230D5960F9}.Debug|x64.Build.0 = Debug|Any CPU
		{480FDA72-701E-42D8-A3B1-24230D5960F9}.Debug|x86.ActiveCfg = Debug|Any CPU
		{480FDA72-701E-42D8-A3B1-24230D5960F9}.Debug|x86.Build.0 = Debug|Any CPU
		{480FDA72-701E-42D8-A3B1-24230D5960F9}.Release|Any CPU.ActiveCfg = Release|Any CPU
		{480FDA72-701E-42D8-A3B1-24230D5960F9}.Release|Any CPU.Build.0 = Release|Any CPU
		{480FDA72-701E-42D8-A3B1-24230D5960F9}.Release|x64.ActiveCfg = Release|Any CPU
		{480FDA72-701E-42D8-A3B1-24230D5960F9}.Release|x64.Build.0 = Release|Any CPU
		{480FDA72-701E-42D8-A3B1-24230D5960F9}.Release|x86.ActiveCfg = Release|Any CPU
		{480FDA72-701E-42D8-A3B1-24230D5960F9}.Release|x86.Build.0 = Release|Any CPU
		{BCFA77AE-18EB-48CE-9B6A-B6883176A8B0}.Debug|Any CPU.ActiveCfg = Debug|Any CPU
		{BCFA77AE-18EB-48CE-9B6A-B6883176A8B0}.Debug|Any CPU.Build.0 = Debug|Any CPU
		{BCFA77AE-18EB-48CE-9B6A-B6883176A8B0}.Debug|x64.ActiveCfg = Debug|Any CPU
		{BCFA77AE-18EB-48CE-9B6A-B6883176A8B0}.Debug|x64.Build.0 = Debug|Any CPU
		{BCFA77AE-18EB-48CE-9B6A-B6883176A8B0}.Debug|x86.ActiveCfg = Debug|Any CPU
		{BCFA77AE-18EB-48CE-9B6A-B6883176A8B0}.Debug|x86.Build.0 = Debug|Any CPU
		{BCFA77AE-18EB-48CE-9B6A-B6883176A8B0}.Release|Any CPU.ActiveCfg = Release|Any CPU
		{BCFA77AE-18EB-48CE-9B6A-B6883176A8B0}.Release|Any CPU.Build.0 = Release|Any CPU
		{BCFA77AE-18EB-48CE-9B6A-B6883176A8B0}.Release|x64.ActiveCfg = Release|Any CPU
		{BCFA77AE-18EB-48CE-9B6A-B6883176A8B0}.Release|x64.Build.0 = Release|Any CPU
		{BCFA77AE-18EB-48CE-9B6A-B6883176A8B0}.Release|x86.ActiveCfg = Release|Any CPU
		{BCFA77AE-18EB-48CE-9B6A-B6883176A8B0}.Release|x86.Build.0 = Release|Any CPU
		{9AAF51EF-B38B-4883-81ED-A0946789DB83}.Debug|Any CPU.ActiveCfg = Debug|Any CPU
		{9AAF51EF-B38B-4883-81ED-A0946789DB83}.Debug|Any CPU.Build.0 = Debug|Any CPU
		{9AAF51EF-B38B-4883-81ED-A0946789DB83}.Debug|x64.ActiveCfg = Debug|Any CPU
		{9AAF51EF-B38B-4883-81ED-A0946789DB83}.Debug|x64.Build.0 = Debug|Any CPU
		{9AAF51EF-B38B-4883-81ED-A0946789DB83}.Debug|x86.ActiveCfg = Debug|Any CPU
		{9AAF51EF-B38B-4883-81ED-A0946789DB83}.Debug|x86.Build.0 = Debug|Any CPU
		{9AAF51EF-B38B-4883-81ED-A0946789DB83}.Release|Any CPU.ActiveCfg = Release|Any CPU
		{9AAF51EF-B38B-4883-81ED-A0946789DB83}.Release|Any CPU.Build.0 = Release|Any CPU
		{9AAF51EF-B38B-4883-81ED-A0946789DB83}.Release|x64.ActiveCfg = Release|Any CPU
		{9AAF51EF-B38B-4883-81ED-A0946789DB83}.Release|x64.Build.0 = Release|Any CPU
		{9AAF51EF-B38B-4883-81ED-A0946789DB83}.Release|x86.ActiveCfg = Release|Any CPU
		{9AAF51EF-B38B-4883-81ED-A0946789DB83}.Release|x86.Build.0 = Release|Any CPU
		{41019023-4C5E-4C49-BEDD-0E2C4C594EA6}.Debug|Any CPU.ActiveCfg = Debug|Any CPU
		{41019023-4C5E-4C49-BEDD-0E2C4C594EA6}.Debug|Any CPU.Build.0 = Debug|Any CPU
		{41019023-4C5E-4C49-BEDD-0E2C4C594EA6}.Debug|x64.ActiveCfg = Debug|Any CPU
		{41019023-4C5E-4C49-BEDD-0E2C4C594EA6}.Debug|x64.Build.0 = Debug|Any CPU
		{41019023-4C5E-4C49-BEDD-0E2C4C594EA6}.Debug|x86.ActiveCfg = Debug|Any CPU
		{41019023-4C5E-4C49-BEDD-0E2C4C594EA6}.Debug|x86.Build.0 = Debug|Any CPU
		{41019023-4C5E-4C49-BEDD-0E2C4C594EA6}.Release|Any CPU.ActiveCfg = Release|Any CPU
		{41019023-4C5E-4C49-BEDD-0E2C4C594EA6}.Release|Any CPU.Build.0 = Release|Any CPU
		{41019023-4C5E-4C49-BEDD-0E2C4C594EA6}.Release|x64.ActiveCfg = Release|Any CPU
		{41019023-4C5E-4C49-BEDD-0E2C4C594EA6}.Release|x64.Build.0 = Release|Any CPU
		{41019023-4C5E-4C49-BEDD-0E2C4C594EA6}.Release|x86.ActiveCfg = Release|Any CPU
		{41019023-4C5E-4C49-BEDD-0E2C4C594EA6}.Release|x86.Build.0 = Release|Any CPU
		{AF52B5E6-48BB-4900-A111-479CEBD2E134}.Debug|Any CPU.ActiveCfg = Debug|Any CPU
		{AF52B5E6-48BB-4900-A111-479CEBD2E134}.Debug|Any CPU.Build.0 = Debug|Any CPU
		{AF52B5E6-48BB-4900-A111-479CEBD2E134}.Debug|x64.ActiveCfg = Debug|Any CPU
		{AF52B5E6-48BB-4900-A111-479CEBD2E134}.Debug|x64.Build.0 = Debug|Any CPU
		{AF52B5E6-48BB-4900-A111-479CEBD2E134}.Debug|x86.ActiveCfg = Debug|Any CPU
		{AF52B5E6-48BB-4900-A111-479CEBD2E134}.Debug|x86.Build.0 = Debug|Any CPU
		{AF52B5E6-48BB-4900-A111-479CEBD2E134}.Release|Any CPU.ActiveCfg = Release|Any CPU
		{AF52B5E6-48BB-4900-A111-479CEBD2E134}.Release|Any CPU.Build.0 = Release|Any CPU
		{AF52B5E6-48BB-4900-A111-479CEBD2E134}.Release|x64.ActiveCfg = Release|Any CPU
		{AF52B5E6-48BB-4900-A111-479CEBD2E134}.Release|x64.Build.0 = Release|Any CPU
		{AF52B5E6-48BB-4900-A111-479CEBD2E134}.Release|x86.ActiveCfg = Release|Any CPU
		{AF52B5E6-48BB-4900-A111-479CEBD2E134}.Release|x86.Build.0 = Release|Any CPU
		{BF0AA388-2DC1-431F-A89C-159DF60D917D}.Debug|Any CPU.ActiveCfg = Debug|Any CPU
		{BF0AA388-2DC1-431F-A89C-159DF60D917D}.Debug|Any CPU.Build.0 = Debug|Any CPU
		{BF0AA388-2DC1-431F-A89C-159DF60D917D}.Debug|x64.ActiveCfg = Debug|Any CPU
		{BF0AA388-2DC1-431F-A89C-159DF60D917D}.Debug|x64.Build.0 = Debug|Any CPU
		{BF0AA388-2DC1-431F-A89C-159DF60D917D}.Debug|x86.ActiveCfg = Debug|Any CPU
		{BF0AA388-2DC1-431F-A89C-159DF60D917D}.Debug|x86.Build.0 = Debug|Any CPU
		{BF0AA388-2DC1-431F-A89C-159DF60D917D}.Release|Any CPU.ActiveCfg = Release|Any CPU
		{BF0AA388-2DC1-431F-A89C-159DF60D917D}.Release|Any CPU.Build.0 = Release|Any CPU
		{BF0AA388-2DC1-431F-A89C-159DF60D917D}.Release|x64.ActiveCfg = Release|Any CPU
		{BF0AA388-2DC1-431F-A89C-159DF60D917D}.Release|x64.Build.0 = Release|Any CPU
		{BF0AA388-2DC1-431F-A89C-159DF60D917D}.Release|x86.ActiveCfg = Release|Any CPU
		{BF0AA388-2DC1-431F-A89C-159DF60D917D}.Release|x86.Build.0 = Release|Any CPU
		{0597AAFA-110F-4C42-AA2D-8081D5C5583F}.Debug|Any CPU.ActiveCfg = Debug|Any CPU
		{0597AAFA-110F-4C42-AA2D-8081D5C5583F}.Debug|Any CPU.Build.0 = Debug|Any CPU
		{0597AAFA-110F-4C42-AA2D-8081D5C5583F}.Debug|x64.ActiveCfg = Debug|Any CPU
		{0597AAFA-110F-4C42-AA2D-8081D5C5583F}.Debug|x64.Build.0 = Debug|Any CPU
		{0597AAFA-110F-4C42-AA2D-8081D5C5583F}.Debug|x86.ActiveCfg = Debug|Any CPU
		{0597AAFA-110F-4C42-AA2D-8081D5C5583F}.Debug|x86.Build.0 = Debug|Any CPU
		{0597AAFA-110F-4C42-AA2D-8081D5C5583F}.Release|Any CPU.ActiveCfg = Release|Any CPU
		{0597AAFA-110F-4C42-AA2D-8081D5C5583F}.Release|Any CPU.Build.0 = Release|Any CPU
		{0597AAFA-110F-4C42-AA2D-8081D5C5583F}.Release|x64.ActiveCfg = Release|Any CPU
		{0597AAFA-110F-4C42-AA2D-8081D5C5583F}.Release|x64.Build.0 = Release|Any CPU
		{0597AAFA-110F-4C42-AA2D-8081D5C5583F}.Release|x86.ActiveCfg = Release|Any CPU
		{0597AAFA-110F-4C42-AA2D-8081D5C5583F}.Release|x86.Build.0 = Release|Any CPU
		{477C61CE-FC83-4031-8FE0-183AC7CD40F3}.Debug|Any CPU.ActiveCfg = Debug|Any CPU
		{477C61CE-FC83-4031-8FE0-183AC7CD40F3}.Debug|Any CPU.Build.0 = Debug|Any CPU
		{477C61CE-FC83-4031-8FE0-183AC7CD40F3}.Debug|x64.ActiveCfg = Debug|Any CPU
		{477C61CE-FC83-4031-8FE0-183AC7CD40F3}.Debug|x64.Build.0 = Debug|Any CPU
		{477C61CE-FC83-4031-8FE0-183AC7CD40F3}.Debug|x86.ActiveCfg = Debug|Any CPU
		{477C61CE-FC83-4031-8FE0-183AC7CD40F3}.Debug|x86.Build.0 = Debug|Any CPU
		{477C61CE-FC83-4031-8FE0-183AC7CD40F3}.Release|Any CPU.ActiveCfg = Release|Any CPU
		{477C61CE-FC83-4031-8FE0-183AC7CD40F3}.Release|Any CPU.Build.0 = Release|Any CPU
		{477C61CE-FC83-4031-8FE0-183AC7CD40F3}.Release|x64.ActiveCfg = Release|Any CPU
		{477C61CE-FC83-4031-8FE0-183AC7CD40F3}.Release|x64.Build.0 = Release|Any CPU
		{477C61CE-FC83-4031-8FE0-183AC7CD40F3}.Release|x86.ActiveCfg = Release|Any CPU
		{477C61CE-FC83-4031-8FE0-183AC7CD40F3}.Release|x86.Build.0 = Release|Any CPU
		{6F563D1B-43DF-4E78-9C16-BADB09B7B89D}.Debug|Any CPU.ActiveCfg = Debug|Any CPU
		{6F563D1B-43DF-4E78-9C16-BADB09B7B89D}.Debug|Any CPU.Build.0 = Debug|Any CPU
		{6F563D1B-43DF-4E78-9C16-BADB09B7B89D}.Debug|Any CPU.Deploy.0 = Debug|Any CPU
		{6F563D1B-43DF-4E78-9C16-BADB09B7B89D}.Debug|x64.ActiveCfg = Debug|Any CPU
		{6F563D1B-43DF-4E78-9C16-BADB09B7B89D}.Debug|x64.Build.0 = Debug|Any CPU
		{6F563D1B-43DF-4E78-9C16-BADB09B7B89D}.Debug|x64.Deploy.0 = Debug|Any CPU
		{6F563D1B-43DF-4E78-9C16-BADB09B7B89D}.Debug|x86.ActiveCfg = Debug|Any CPU
		{6F563D1B-43DF-4E78-9C16-BADB09B7B89D}.Debug|x86.Build.0 = Debug|Any CPU
		{6F563D1B-43DF-4E78-9C16-BADB09B7B89D}.Debug|x86.Deploy.0 = Debug|Any CPU
		{6F563D1B-43DF-4E78-9C16-BADB09B7B89D}.Release|Any CPU.ActiveCfg = Release|Any CPU
		{6F563D1B-43DF-4E78-9C16-BADB09B7B89D}.Release|Any CPU.Build.0 = Release|Any CPU
		{6F563D1B-43DF-4E78-9C16-BADB09B7B89D}.Release|Any CPU.Deploy.0 = Release|Any CPU
		{6F563D1B-43DF-4E78-9C16-BADB09B7B89D}.Release|x64.ActiveCfg = Release|Any CPU
		{6F563D1B-43DF-4E78-9C16-BADB09B7B89D}.Release|x64.Build.0 = Release|Any CPU
		{6F563D1B-43DF-4E78-9C16-BADB09B7B89D}.Release|x64.Deploy.0 = Release|Any CPU
		{6F563D1B-43DF-4E78-9C16-BADB09B7B89D}.Release|x86.ActiveCfg = Release|Any CPU
		{6F563D1B-43DF-4E78-9C16-BADB09B7B89D}.Release|x86.Build.0 = Release|Any CPU
		{6F563D1B-43DF-4E78-9C16-BADB09B7B89D}.Release|x86.Deploy.0 = Release|Any CPU
		{EF8F3F6B-169F-4B6B-AF52-6B895F532B6B}.Debug|Any CPU.ActiveCfg = Debug|Any CPU
		{EF8F3F6B-169F-4B6B-AF52-6B895F532B6B}.Debug|Any CPU.Build.0 = Debug|Any CPU
		{EF8F3F6B-169F-4B6B-AF52-6B895F532B6B}.Debug|x64.ActiveCfg = Debug|Any CPU
		{EF8F3F6B-169F-4B6B-AF52-6B895F532B6B}.Debug|x64.Build.0 = Debug|Any CPU
		{EF8F3F6B-169F-4B6B-AF52-6B895F532B6B}.Debug|x86.ActiveCfg = Debug|Any CPU
		{EF8F3F6B-169F-4B6B-AF52-6B895F532B6B}.Debug|x86.Build.0 = Debug|Any CPU
		{EF8F3F6B-169F-4B6B-AF52-6B895F532B6B}.Release|Any CPU.ActiveCfg = Release|Any CPU
		{EF8F3F6B-169F-4B6B-AF52-6B895F532B6B}.Release|Any CPU.Build.0 = Release|Any CPU
		{EF8F3F6B-169F-4B6B-AF52-6B895F532B6B}.Release|x64.ActiveCfg = Release|Any CPU
		{EF8F3F6B-169F-4B6B-AF52-6B895F532B6B}.Release|x64.Build.0 = Release|Any CPU
		{EF8F3F6B-169F-4B6B-AF52-6B895F532B6B}.Release|x86.ActiveCfg = Release|Any CPU
		{EF8F3F6B-169F-4B6B-AF52-6B895F532B6B}.Release|x86.Build.0 = Release|Any CPU
		{63DDD835-CC77-361E-C6BD-8B63BFF6DA8E}.Debug|Any CPU.ActiveCfg = Debug|Any CPU
		{63DDD835-CC77-361E-C6BD-8B63BFF6DA8E}.Debug|Any CPU.Build.0 = Debug|Any CPU
		{63DDD835-CC77-361E-C6BD-8B63BFF6DA8E}.Debug|x64.ActiveCfg = Debug|Any CPU
		{63DDD835-CC77-361E-C6BD-8B63BFF6DA8E}.Debug|x64.Build.0 = Debug|Any CPU
		{63DDD835-CC77-361E-C6BD-8B63BFF6DA8E}.Debug|x86.ActiveCfg = Debug|Any CPU
		{63DDD835-CC77-361E-C6BD-8B63BFF6DA8E}.Debug|x86.Build.0 = Debug|Any CPU
		{63DDD835-CC77-361E-C6BD-8B63BFF6DA8E}.Release|Any CPU.ActiveCfg = Release|Any CPU
		{63DDD835-CC77-361E-C6BD-8B63BFF6DA8E}.Release|Any CPU.Build.0 = Release|Any CPU
		{63DDD835-CC77-361E-C6BD-8B63BFF6DA8E}.Release|x64.ActiveCfg = Release|Any CPU
		{63DDD835-CC77-361E-C6BD-8B63BFF6DA8E}.Release|x64.Build.0 = Release|Any CPU
		{63DDD835-CC77-361E-C6BD-8B63BFF6DA8E}.Release|x86.ActiveCfg = Release|Any CPU
		{63DDD835-CC77-361E-C6BD-8B63BFF6DA8E}.Release|x86.Build.0 = Release|Any CPU
	EndGlobalSection
	GlobalSection(SolutionProperties) = preSolution
		HideSolutionNode = FALSE
	EndGlobalSection
	GlobalSection(ExtensibilityGlobals) = postSolution
		EnterpriseLibraryConfigurationToolBinariesPathV6 = packages\EnterpriseLibrary.TransientFaultHandling.6.0.1304.0\lib\portable-net45+win+wp8;iseLibrary.TransientFaultHandling.6.0.1304.0\lib\portable-net45+win+wp8
		SolutionGuid = {3970DD61-4F33-45E3-8BBD-B43AAF9C07F9}
	EndGlobalSection
EndGlobal
